
Microsoft Visual Studio Solution File, Format Version 12.00
# Visual Studio 15
VisualStudioVersion = 15.0.27413.0
MinimumVisualStudioVersion = 10.0.40219.1
Project("{FAE04EC0-301F-11D3-BF4B-00C04F79EFBC}") = "multilingualqna", "Bot\multilingualqna.csproj", "{EC15BC5A-388C-432C-87FC-26273CBADBDF}"
EndProject
Project("{2150E333-8FDC-42A3-9474-1A3956D46DE8}") = "Solution Items", "Solution Items", "{F0472C20-536B-4CCD-BE59-3CC077FAFA79}"
	ProjectSection(SolutionItems) = preProject
		qna-sample-diagram.png = qna-sample-diagram.png
		README.md = README.md
	EndProjectSection
EndProject
Global
	GlobalSection(SolutionConfigurationPlatforms) = preSolution
		Debug|Any CPU = Debug|Any CPU
		Release|Any CPU = Release|Any CPU
	EndGlobalSection
	GlobalSection(ProjectConfigurationPlatforms) = postSolution
		{EC15BC5A-388C-432C-87FC-26273CBADBDF}.Debug|Any CPU.ActiveCfg = Debug|Any CPU
		{EC15BC5A-388C-432C-87FC-26273CBADBDF}.Debug|Any CPU.Build.0 = Debug|Any CPU
		{EC15BC5A-388C-432C-87FC-26273CBADBDF}.Release|Any CPU.ActiveCfg = Release|Any CPU
		{EC15BC5A-388C-432C-87FC-26273CBADBDF}.Release|Any CPU.Build.0 = Release|Any CPU
	EndGlobalSection
	GlobalSection(SolutionProperties) = preSolution
		HideSolutionNode = FALSE
	EndGlobalSection
	GlobalSection(ExtensibilityGlobals) = postSolution
		SolutionGuid = {CAC6650B-2402-489B-BAB4-29BF211C2B1A}
	EndGlobalSection
EndGlobal
